
Microsoft Visual Studio Solution File, Format Version 12.00
# Visual Studio Version 17
VisualStudioVersion = 17.2.32526.322
MinimumVisualStudioVersion = 10.0.40219.1
Project("{FAE04EC0-301F-11D3-BF4B-00C04F79EFBC}") = "FunWithTuple", "FunWithTuple\FunWithTuple.csproj", "{E080EC64-DD2F-4C7D-B800-A1B3DBDEE219}"
EndProject
Global
	GlobalSection(SolutionConfigurationPlatforms) = preSolution
		Debug|Any CPU = Debug|Any CPU
		Release|Any CPU = Release|Any CPU
	EndGlobalSection
	GlobalSection(ProjectConfigurationPlatforms) = postSolution
		{E080EC64-DD2F-4C7D-B800-A1B3DBDEE219}.Debug|Any CPU.ActiveCfg = Debug|Any CPU
		{E080EC64-DD2F-4C7D-B800-A1B3DBDEE219}.Debug|Any CPU.Build.0 = Debug|Any CPU
		{E080EC64-DD2F-4C7D-B800-A1B3DBDEE219}.Release|Any CPU.ActiveCfg = Release|Any CPU
		{E080EC64-DD2F-4C7D-B800-A1B3DBDEE219}.Release|Any CPU.Build.0 = Release|Any CPU
	EndGlobalSection
	GlobalSection(SolutionProperties) = preSolution
		HideSolutionNode = FALSE
	EndGlobalSection
	GlobalSection(ExtensibilityGlobals) = postSolution
		SolutionGuid = {EEE08F6F-92A6-46FA-8E7C-33F23EBC50EA}
	EndGlobalSection
EndGlobal
